
Microsoft Visual Studio Solution File, Format Version 12.00
# Visual Studio Version 16
VisualStudioVersion = 16.0.30114.105
MinimumVisualStudioVersion = 10.0.40219.1
Project("{FAE04EC0-301F-11D3-BF4B-00C04F79EFBC}") = "ProgramWithCodeFirst", "ProgramWithCodeFirst\ProgramWithCodeFirst.csproj", "{18448AB8-7F41-4EBF-A7D9-91BD8CBEB678}"
EndProject
Project("{FAE04EC0-301F-11D3-BF4B-00C04F79EFBC}") = "WoodWorkshop.Data", "Migration.Data\WoodWorkshop.Data.csproj", "{F7D43829-D846-42DE-A37A-B1F3FD5B1A72}"
EndProject
Project("{FAE04EC0-301F-11D3-BF4B-00C04F79EFBC}") = "WoodWorkshop", "WoodWorkshop\WoodWorkshop.csproj", "{6BBED123-CE72-497E-AF0D-84178D815601}"
EndProject
Project("{FAE04EC0-301F-11D3-BF4B-00C04F79EFBC}") = "WoodWorkshop.Domain", "WoodWorkshop.Domain\WoodWorkshop.Domain.csproj", "{571D00BE-77F6-43FF-9742-9786428C0C87}"
EndProject
Global
	GlobalSection(SolutionConfigurationPlatforms) = preSolution
		Debug|Any CPU = Debug|Any CPU
		Release|Any CPU = Release|Any CPU
	EndGlobalSection
	GlobalSection(ProjectConfigurationPlatforms) = postSolution
		{18448AB8-7F41-4EBF-A7D9-91BD8CBEB678}.Debug|Any CPU.ActiveCfg = Debug|Any CPU
		{18448AB8-7F41-4EBF-A7D9-91BD8CBEB678}.Debug|Any CPU.Build.0 = Debug|Any CPU
		{18448AB8-7F41-4EBF-A7D9-91BD8CBEB678}.Release|Any CPU.ActiveCfg = Release|Any CPU
		{18448AB8-7F41-4EBF-A7D9-91BD8CBEB678}.Release|Any CPU.Build.0 = Release|Any CPU
		{F7D43829-D846-42DE-A37A-B1F3FD5B1A72}.Debug|Any CPU.ActiveCfg = Debug|Any CPU
		{F7D43829-D846-42DE-A37A-B1F3FD5B1A72}.Debug|Any CPU.Build.0 = Debug|Any CPU
		{F7D43829-D846-42DE-A37A-B1F3FD5B1A72}.Release|Any CPU.ActiveCfg = Release|Any CPU
		{F7D43829-D846-42DE-A37A-B1F3FD5B1A72}.Release|Any CPU.Build.0 = Release|Any CPU
		{6BBED123-CE72-497E-AF0D-84178D815601}.Debug|Any CPU.ActiveCfg = Debug|Any CPU
		{6BBED123-CE72-497E-AF0D-84178D815601}.Debug|Any CPU.Build.0 = Debug|Any CPU
		{6BBED123-CE72-497E-AF0D-84178D815601}.Release|Any CPU.ActiveCfg = Release|Any CPU
		{6BBED123-CE72-497E-AF0D-84178D815601}.Release|Any CPU.Build.0 = Release|Any CPU
		{571D00BE-77F6-43FF-9742-9786428C0C87}.Debug|Any CPU.ActiveCfg = Debug|Any CPU
		{571D00BE-77F6-43FF-9742-9786428C0C87}.Debug|Any CPU.Build.0 = Debug|Any CPU
		{571D00BE-77F6-43FF-9742-9786428C0C87}.Release|Any CPU.ActiveCfg = Release|Any CPU
		{571D00BE-77F6-43FF-9742-9786428C0C87}.Release|Any CPU.Build.0 = Release|Any CPU
	EndGlobalSection
	GlobalSection(SolutionProperties) = preSolution
		HideSolutionNode = FALSE
	EndGlobalSection
	GlobalSection(ExtensibilityGlobals) = postSolution
		SolutionGuid = {C09324B7-B1B7-4DE0-B995-87D7F32D936B}
	EndGlobalSection
EndGlobal
